
Microsoft Visual Studio Solution File, Format Version 12.00
# Visual Studio Version 16
VisualStudioVersion = 16.0.29306.81
MinimumVisualStudioVersion = 10.0.40219.1
Project("{8BC9CEB8-8B4A-11D0-8D11-00A0C91BC942}") = "Homework 1 - Grading Program", "Homework 1 - Grading Program.vcxproj", "{29426C83-1A2F-4A15-B178-C7C69245BDD6}"
EndProject
Global
	GlobalSection(SolutionConfigurationPlatforms) = preSolution
		Debug|x64 = Debug|x64
		Debug|x86 = Debug|x86
		Release|x64 = Release|x64
		Release|x86 = Release|x86
	EndGlobalSection
	GlobalSection(ProjectConfigurationPlatforms) = postSolution
		{29426C83-1A2F-4A15-B178-C7C69245BDD6}.Debug|x64.ActiveCfg = Debug|x64
		{29426C83-1A2F-4A15-B178-C7C69245BDD6}.Debug|x64.Build.0 = Debug|x64
		{29426C83-1A2F-4A15-B178-C7C69245BDD6}.Debug|x86.ActiveCfg = Debug|Win32
		{29426C83-1A2F-4A15-B178-C7C69245BDD6}.Debug|x86.Build.0 = Debug|Win32
		{29426C83-1A2F-4A15-B178-C7C69245BDD6}.Release|x64.ActiveCfg = Release|x64
		{29426C83-1A2F-4A15-B178-C7C69245BDD6}.Release|x64.Build.0 = Release|x64
		{29426C83-1A2F-4A15-B178-C7C69245BDD6}.Release|x86.ActiveCfg = Release|Win32
		{29426C83-1A2F-4A15-B178-C7C69245BDD6}.Release|x86.Build.0 = Release|Win32
	EndGlobalSection
	GlobalSection(SolutionProperties) = preSolution
		HideSolutionNode = FALSE
	EndGlobalSection
	GlobalSection(ExtensibilityGlobals) = postSolution
		SolutionGuid = {7F6BE686-A469-41FF-9950-7619F6589D38}
	EndGlobalSection
EndGlobal
